// !$*UTF8*$!
{
	archiveVersion = 1;
	classes = {
	};
	objectVersion = 56;
	objects = {

/* Begin PBXBuildFile section */
		736415F629F4E4A9005292A7 /* AppDelegate.swift in Sources */ = {isa = PBXBuildFile; fileRef = 736415F529F4E4A9005292A7 /* AppDelegate.swift */; };
		736415F829F4E4A9005292A7 /* SceneDelegate.swift in Sources */ = {isa = PBXBuildFile; fileRef = 736415F729F4E4A9005292A7 /* SceneDelegate.swift */; };
		736415FA29F4E4A9005292A7 /* ViewController.swift in Sources */ = {isa = PBXBuildFile; fileRef = 736415F929F4E4A9005292A7 /* ViewController.swift */; };
		736415FD29F4E4A9005292A7 /* Main.storyboard in Resources */ = {isa = PBXBuildFile; fileRef = 736415FB29F4E4A9005292A7 /* Main.storyboard */; };
		7364160229F4E4AA005292A7 /* LaunchScreen.storyboard in Resources */ = {isa = PBXBuildFile; fileRef = 7364160029F4E4AA005292A7 /* LaunchScreen.storyboard */; };
		7364160F29F5002F005292A7 /* SettingViewController.swift in Sources */ = {isa = PBXBuildFile; fileRef = 7364160E29F5002F005292A7 /* SettingViewController.swift */; };
		7364161129F50056005292A7 /* GameViewController.swift in Sources */ = {isa = PBXBuildFile; fileRef = 7364161029F50056005292A7 /* GameViewController.swift */; };
		7364161329F500CC005292A7 /* HighScoreViewController.swift in Sources */ = {isa = PBXBuildFile; fileRef = 7364161229F500CC005292A7 /* HighScoreViewController.swift */; };
		7364161529F5E988005292A7 /* Bubble.swift in Sources */ = {isa = PBXBuildFile; fileRef = 7364161429F5E988005292A7 /* Bubble.swift */; };
/* End PBXBuildFile section */

/* Begin PBXFileReference section */
		736415F229F4E4A9005292A7 /* bubbleGame.app */ = {isa = PBXFileReference; explicitFileType = wrapper.application; includeInIndex = 0; path = bubbleGame.app; sourceTree = BUILT_PRODUCTS_DIR; };
		736415F529F4E4A9005292A7 /* AppDelegate.swift */ = {isa = PBXFileReference; lastKnownFileType = sourcecode.swift; path = AppDelegate.swift; sourceTree = "<group>"; };
		736415F729F4E4A9005292A7 /* SceneDelegate.swift */ = {isa = PBXFileReference; lastKnownFileType = sourcecode.swift; path = SceneDelegate.swift; sourceTree = "<group>"; };
		736415F929F4E4A9005292A7 /* ViewController.swift */ = {isa = PBXFileReference; lastKnownFileType = sourcecode.swift; path = ViewController.swift; sourceTree = "<group>"; };
		736415FC29F4E4A9005292A7 /* Base */ = {isa = PBXFileReference; lastKnownFileType = file.storyboard; name = Base; path = Base.lproj/Main.storyboard; sourceTree = "<group>"; };
		7364160129F4E4AA005292A7 /* Base */ = {isa = PBXFileReference; lastKnownFileType = file.storyboard; name = Base; path = Base.lproj/LaunchScreen.storyboard; sourceTree = "<group>"; };
		7364160329F4E4AA005292A7 /* Info.plist */ = {isa = PBXFileReference; lastKnownFileType = text.plist.xml; path = Info.plist; sourceTree = "<group>"; };
		7364160E29F5002F005292A7 /* SettingViewController.swift */ = {isa = PBXFileReference; lastKnownFileType = sourcecode.swift; path = SettingViewController.swift; sourceTree = "<group>"; };
		7364161029F50056005292A7 /* GameViewController.swift */ = {isa = PBXFileReference; lastKnownFileType = sourcecode.swift; path = GameViewController.swift; sourceTree = "<group>"; };
		7364161229F500CC005292A7 /* HighScoreViewController.swift */ = {isa = PBXFileReference; lastKnownFileType = sourcecode.swift; path = HighScoreViewController.swift; sourceTree = "<group>"; };
		7364161429F5E988005292A7 /* Bubble.swift */ = {isa = PBXFileReference; lastKnownFileType = sourcecode.swift; path = Bubble.swift; sourceTree = "<group>"; };
/* End PBXFileReference section */

/* Begin PBXFrameworksBuildPhase section */
		736415EF29F4E4A9005292A7 /* Frameworks */ = {
			isa = PBXFrameworksBuildPhase;
			buildActionMask = 2147483647;
			files = (
			);
			runOnlyForDeploymentPostprocessing = 0;
		};
/* End PBXFrameworksBuildPhase section */

/* Begin PBXGroup section */
		736415E929F4E4A9005292A7 = {
			isa = PBXGroup;
			children = (
				736415F429F4E4A9005292A7 /* bubbleGame */,
				736415F329F4E4A9005292A7 /* Products */,
			);
			sourceTree = "<group>";
		};
		736415F329F4E4A9005292A7 /* Products */ = {
			isa = PBXGroup;
			children = (
				736415F229F4E4A9005292A7 /* bubbleGame.app */,
			);
			name = Products;
			sourceTree = "<group>";
		};
		736415F429F4E4A9005292A7 /* bubbleGame */ = {
			isa = PBXGroup;
			children = (
				7364160D29F4FFB2005292A7 /* Model */,
				7364160C29F4FF8B005292A7 /* Controller */,
				7364160B29F4FF69005292A7 /* View */,
				736415F529F4E4A9005292A7 /* AppDelegate.swift */,
				736415F729F4E4A9005292A7 /* SceneDelegate.swift */,
				7364160029F4E4AA005292A7 /* LaunchScreen.storyboard */,
				7364160329F4E4AA005292A7 /* Info.plist */,
			);
			path = bubbleGame;
			sourceTree = "<group>";
		};
		7364160B29F4FF69005292A7 /* View */ = {
			isa = PBXGroup;
			children = (
				736415FB29F4E4A9005292A7 /* Main.storyboard */,
			);
			path = View;
			sourceTree = "<group>";
		};
		7364160C29F4FF8B005292A7 /* Controller */ = {
			isa = PBXGroup;
			children = (
				736415F929F4E4A9005292A7 /* ViewController.swift */,
				7364160E29F5002F005292A7 /* SettingViewController.swift */,
				7364161029F50056005292A7 /* GameViewController.swift */,
				7364161229F500CC005292A7 /* HighScoreViewController.swift */,
			);
			path = Controller;
			sourceTree = "<group>";
		};
		7364160D29F4FFB2005292A7 /* Model */ = {
			isa = PBXGroup;
			children = (
				7364161429F5E988005292A7 /* Bubble.swift */,
			);
			path = Model;
			sourceTree = "<group>";
		};
/* End PBXGroup section */

/* Begin PBXNativeTarget section */
		736415F129F4E4A9005292A7 /* bubbleGame */ = {
			isa = PBXNativeTarget;
			buildConfigurationList = 7364160629F4E4AA005292A7 /* Build configuration list for PBXNativeTarget "bubbleGame" */;
			buildPhases = (
				736415EE29F4E4A9005292A7 /* Sources */,
				736415EF29F4E4A9005292A7 /* Frameworks */,
				736415F029F4E4A9005292A7 /* Resources */,
			);
			buildRules = (
			);
			dependencies = (
			);
			name = bubbleGame;
			productName = bubbleGame;
			productReference = 736415F229F4E4A9005292A7 /* bubbleGame.app */;
			productType = "com.apple.product-type.application";
		};
/* End PBXNativeTarget section */

/* Begin PBXProject section */
		736415EA29F4E4A9005292A7 /* Project object */ = {
			isa = PBXProject;
			attributes = {
				BuildIndependentTargetsInParallel = 1;
				LastSwiftUpdateCheck = 1420;
				LastUpgradeCheck = 1420;
				TargetAttributes = {
					736415F129F4E4A9005292A7 = {
						CreatedOnToolsVersion = 14.2;
					};
				};
			};
			buildConfigurationList = 736415ED29F4E4A9005292A7 /* Build configuration list for PBXProject "bubbleGame" */;
			compatibilityVersion = "Xcode 14.0";
			developmentRegion = en;
			hasScannedForEncodings = 0;
			knownRegions = (
				en,
				Base,
			);
			mainGroup = 736415E929F4E4A9005292A7;
			productRefGroup = 736415F329F4E4A9005292A7 /* Products */;
			projectDirPath = "";
			projectRoot = "";
			targets = (
				736415F129F4E4A9005292A7 /* bubbleGame */,
			);
		};
/* End PBXProject section */

/* Begin PBXResourcesBuildPhase section */
		736415F029F4E4A9005292A7 /* Resources */ = {
			isa = PBXResourcesBuildPhase;
			buildActionMask = 2147483647;
			files = (
				7364160229F4E4AA005292A7 /* LaunchScreen.storyboard in Resources */,
				736415FD29F4E4A9005292A7 /* Main.storyboard in Resources */,
			);
			runOnlyForDeploymentPostprocessing = 0;
		};
/* End PBXResourcesBuildPhase section */

/* Begin PBXSourcesBuildPhase section */
		736415EE29F4E4A9005292A7 /* Sources */ = {
			isa = PBXSourcesBuildPhase;
			buildActionMask = 2147483647;
			files = (
				7364161129F50056005292A7 /* GameViewController.swift in Sources */,
				736415FA29F4E4A9005292A7 /* ViewController.swift in Sources */,
				736415F629F4E4A9005292A7 /* AppDelegate.swift in Sources */,
				736415F829F4E4A9005292A7 /* SceneDelegate.swift in Sources */,
				7364161529F5E988005292A7 /* Bubble.swift in Sources */,
				7364160F29F5002F005292A7 /* SettingViewController.swift in Sources */,
				7364161329F500CC005292A7 /* HighScoreViewController.swift in Sources */,
			);
			runOnlyForDeploymentPostprocessing = 0;
		};
/* End PBXSourcesBuildPhase section */

/* Begin PBXVariantGroup section */
		736415FB29F4E4A9005292A7 /* Main.storyboard */ = {
			isa = PBXVariantGroup;
			children = (
				736415FC29F4E4A9005292A7 /* Base */,
			);
			name = Main.storyboard;
			sourceTree = "<group>";
		};
		7364160029F4E4AA005292A7 /* LaunchScreen.storyboard */ = {
			isa = PBXVariantGroup;
			children = (
				7364160129F4E4AA005292A7 /* Base */,
			);
			name = LaunchScreen.storyboard;
			sourceTree = "<group>";
		};
/* End PBXVariantGroup section */

/* Begin XCBuildConfiguration section */
		7364160429F4E4AA005292A7 /* Debug */ = {
			isa = XCBuildConfiguration;
			buildSettings = {
				ALWAYS_SEARCH_USER_PATHS = NO;
				CLANG_ANALYZER_NONNULL = YES;
				CLANG_ANALYZER_NUMBER_OBJECT_CONVERSION = YES_AGGRESSIVE;
				CLANG_CXX_LANGUAGE_STANDARD = "gnu++20";
				CLANG_ENABLE_MODULES = YES;
				CLANG_ENABLE_OBJC_ARC = YES;
				CLANG_ENABLE_OBJC_WEAK = YES;
				CLANG_WARN_BLOCK_CAPTURE_AUTORELEASING = YES;
				CLANG_WARN_BOOL_CONVERSION = YES;
				CLANG_WARN_COMMA = YES;
				CLANG_WARN_CONSTANT_CONVERSION = YES;
				CLANG_WARN_DEPRECATED_OBJC_IMPLEMENTATIONS = YES;
				CLANG_WARN_DIRECT_OBJC_ISA_USAGE = YES_ERROR;
				CLANG_WARN_DOCUMENTATION_COMMENTS = YES;
				CLANG_WARN_EMPTY_BODY = YES;
				CLANG_WARN_ENUM_CONVERSION = YES;
				CLANG_WARN_INFINITE_RECURSION = YES;
				CLANG_WARN_INT_CONVERSION = YES;
				CLANG_WARN_NON_LITERAL_NULL_CONVERSION = YES;
				CLANG_WARN_OBJC_IMPLICIT_RETAIN_SELF = YES;
				CLANG_WARN_OBJC_LITERAL_CONVERSION = YES;
				CLANG_WARN_OBJC_ROOT_CLASS = YES_ERROR;
				CLANG_WARN_QUOTED_INCLUDE_IN_FRAMEWORK_HEADER = YES;
				CLANG_WARN_RANGE_LOOP_ANALYSIS = YES;
				CLANG_WARN_STRICT_PROTOTYPES = YES;
				CLANG_WARN_SUSPICIOUS_MOVE = YES;
				CLANG_WARN_UNGUARDED_AVAILABILITY = YES_AGGRESSIVE;
				CLANG_WARN_UNREACHABLE_CODE = YES;
				CLANG_WARN__DUPLICATE_METHOD_MATCH = YES;
				COPY_PHASE_STRIP = NO;
				DEBUG_INFORMATION_FORMAT = dwarf;
				ENABLE_STRICT_OBJC_MSGSEND = YES;
				ENABLE_TESTABILITY = YES;
				GCC_C_LANGUAGE_STANDARD = gnu11;
				GCC_DYNAMIC_NO_PIC = NO;
				GCC_NO_COMMON_BLOCKS = YES;
				GCC_OPTIMIZATION_LEVEL = 0;
				GCC_PREPROCESSOR_DEFINITIONS = (
					"DEBUG=1",
					"$(inherited)",
				);
				GCC_WARN_64_TO_32_BIT_CONVERSION = YES;
				GCC_WARN_ABOUT_RETURN_TYPE = YES_ERROR;
				GCC_WARN_UNDECLARED_SELECTOR = YES;
				GCC_WARN_UNINITIALIZED_AUTOS = YES_AGGRESSIVE;
				GCC_WARN_UNUSED_FUNCTION = YES;
				GCC_WARN_UNUSED_VARIABLE = YES;
				IPHONEOS_DEPLOYMENT_TARGET = 16.2;
				MTL_ENABLE_DEBUG_INFO = INCLUDE_SOURCE;
				MTL_FAST_MATH = YES;
				ONLY_ACTIVE_ARCH = YES;
				SDKROOT = iphoneos;
				SWIFT_ACTIVE_COMPILATION_CONDITIONS = DEBUG;
				SWIFT_OPTIMIZATION_LEVEL = "-Onone";
			};
			name = Debug;
		};
		7364160529F4E4AA005292A7 /* Release */ = {
			isa = XCBuildConfiguration;
			buildSettings = {
				ALWAYS_SEARCH_USER_PATHS = NO;
				CLANG_ANALYZER_NONNULL = YES;
				CLANG_ANALYZER_NUMBER_OBJECT_CONVERSION = YES_AGGRESSIVE;
				CLANG_CXX_LANGUAGE_STANDARD = "gnu++20";
				CLANG_ENABLE_MODULES = YES;
				CLANG_ENABLE_OBJC_ARC = YES;
				CLANG_ENABLE_OBJC_WEAK = YES;
				CLANG_WARN_BLOCK_CAPTURE_AUTORELEASING = YES;
				CLANG_WARN_BOOL_CONVERSION = YES;
				CLANG_WARN_COMMA = YES;
				CLANG_WARN_CONSTANT_CONVERSION = YES;
				CLANG_WARN_DEPRECATED_OBJC_IMPLEMENTATIONS = YES;
				CLANG_WARN_DIRECT_OBJC_ISA_USAGE = YES_ERROR;
				CLANG_WARN_DOCUMENTATION_COMMENTS = YES;
				CLANG_WARN_EMPTY_BODY = YES;
				CLANG_WARN_ENUM_CONVERSION = YES;
				CLANG_WARN_INFINITE_RECURSION = YES;
				CLANG_WARN_INT_CONVERSION = YES;
				CLANG_WARN_NON_LITERAL_NULL_CONVERSION = YES;
				CLANG_WARN_OBJC_IMPLICIT_RETAIN_SELF = YES;
				CLANG_WARN_OBJC_LITERAL_CONVERSION = YES;
				CLANG_WARN_OBJC_ROOT_CLASS = YES_ERROR;
				CLANG_WARN_QUOTED_INCLUDE_IN_FRAMEWORK_HEADER = YES;
				CLANG_WARN_RANGE_LOOP_ANALYSIS = YES;
				CLANG_WARN_STRICT_PROTOTYPES = YES;
				CLANG_WARN_SUSPICIOUS_MOVE = YES;
				CLANG_WARN_UNGUARDED_AVAILABILITY = YES_AGGRESSIVE;
				CLANG_WARN_UNREACHABLE_CODE = YES;
				CLANG_WARN__DUPLICATE_METHOD_MATCH = YES;
				COPY_PHASE_STRIP = NO;
				DEBUG_INFORMATION_FORMAT = "dwarf-with-dsym";
				ENABLE_NS_ASSERTIONS = NO;
				ENABLE_STRICT_OBJC_MSGSEND = YES;
				GCC_C_LANGUAGE_STANDARD = gnu11;
				GCC_NO_COMMON_BLOCKS = YES;
				GCC_WARN_64_TO_32_BIT_CONVERSION = YES;
				GCC_WARN_ABOUT_RETURN_TYPE = YES_ERROR;
				GCC_WARN_UNDECLARED_SELECTOR = YES;
				GCC_WARN_UNINITIALIZED_AUTOS = YES_AGGRESSIVE;
				GCC_WARN_UNUSED_FUNCTION = YES;
				GCC_WARN_UNUSED_VARIABLE = YES;
				IPHONEOS_DEPLOYMENT_TARGET = 16.2;
				MTL_ENABLE_DEBUG_INFO = NO;
				MTL_FAST_MATH = YES;
				SDKROOT = iphoneos;
				SWIFT_COMPILATION_MODE = wholemodule;
				SWIFT_OPTIMIZATION_LEVEL = "-O";
				VALIDATE_PRODUCT = YES;
			};
			name = Release;
		};
		7364160729F4E4AA005292A7 /* Debug */ = {
			isa = XCBuildConfiguration;
			buildSettings = {
				ASSETCATALOG_COMPILER_APPICON_NAME = AppIcon;
				ASSETCATALOG_COMPILER_GLOBAL_ACCENT_COLOR_NAME = AccentColor;
				CODE_SIGN_STYLE = Automatic;
				CURRENT_PROJECT_VERSION = 1;
				DEVELOPMENT_TEAM = VW29PY27DV;
				GENERATE_INFOPLIST_FILE = YES;
				INFOPLIST_FILE = bubbleGame/Info.plist;
				INFOPLIST_KEY_UIApplicationSupportsIndirectInputEvents = YES;
				INFOPLIST_KEY_UILaunchStoryboardName = LaunchScreen;
				INFOPLIST_KEY_UIMainStoryboardFile = Main;
				INFOPLIST_KEY_UISupportedInterfaceOrientations_iPad = "UIInterfaceOrientationPortrait UIInterfaceOrientationPortraitUpsideDown UIInterfaceOrientationLandscapeLeft UIInterfaceOrientationLandscapeRight";
				INFOPLIST_KEY_UISupportedInterfaceOrientations_iPhone = "UIInterfaceOrientationPortrait UIInterfaceOrientationLandscapeLeft UIInterfaceOrientationLandscapeRight";
				LD_RUNPATH_SEARCH_PATHS = (
					"$(inherited)",
					"@executable_path/Frameworks",
				);
				MARKETING_VERSION = 1.0;
				PRODUCT_BUNDLE_IDENTIFIER = au.edu.uts.bubbleGame;
				PRODUCT_NAME = "$(TARGET_NAME)";
				SWIFT_EMIT_LOC_STRINGS = YES;
				SWIFT_VERSION = 5.0;
				TARGETED_DEVICE_FAMILY = "1,2";
			};
			name = Debug;
		};
		7364160829F4E4AA005292A7 /* Release */ = {
			isa = XCBuildConfiguration;
			buildSettings = {
				ASSETCATALOG_COMPILER_APPICON_NAME = AppIcon;
				ASSETCATALOG_COMPILER_GLOBAL_ACCENT_COLOR_NAME = AccentColor;
				CODE_SIGN_STYLE = Automatic;
				CURRENT_PROJECT_VERSION = 1;
				DEVELOPMENT_TEAM = VW29PY27DV;
				GENERATE_INFOPLIST_FILE = YES;
				INFOPLIST_FILE = bubbleGame/Info.plist;
				INFOPLIST_KEY_UIApplicationSupportsIndirectInputEvents = YES;
				INFOPLIST_KEY_UILaunchStoryboardName = LaunchScreen;
				INFOPLIST_KEY_UIMainStoryboardFile = Main;
				INFOPLIST_KEY_UISupportedInterfaceOrientations_iPad = "UIInterfaceOrientationPortrait UIInterfaceOrientationPortraitUpsideDown UIInterfaceOrientationLandscapeLeft UIInterfaceOrientationLandscapeRight";
				INFOPLIST_KEY_UISupportedInterfaceOrientations_iPhone = "UIInterfaceOrientationPortrait UIInterfaceOrientationLandscapeLeft UIInterfaceOrientationLandscapeRight";
				LD_RUNPATH_SEARCH_PATHS = (
					"$(inherited)",
					"@executable_path/Frameworks",
				);
				MARKETING_VERSION = 1.0;
				PRODUCT_BUNDLE_IDENTIFIER = au.edu.uts.bubbleGame;
				PRODUCT_NAME = "$(TARGET_NAME)";
				SWIFT_EMIT_LOC_STRINGS = YES;
				SWIFT_VERSION = 5.0;
				TARGETED_DEVICE_FAMILY = "1,2";
			};
			name = Release;
		};
/* End XCBuildConfiguration section */

/* Begin XCConfigurationList section */
		736415ED29F4E4A9005292A7 /* Build configuration list for PBXProject "bubbleGame" */ = {
			isa = XCConfigurationList;
			buildConfigurations = (
				7364160429F4E4AA005292A7 /* Debug */,
				7364160529F4E4AA005292A7 /* Release */,
			);
			defaultConfigurationIsVisible = 0;
			defaultConfigurationName = Release;
		};
		7364160629F4E4AA005292A7 /* Build configuration list for PBXNativeTarget "bubbleGame" */ = {
			isa = XCConfigurationList;
			buildConfigurations = (
				7364160729F4E4AA005292A7 /* Debug */,
				7364160829F4E4AA005292A7 /* Release */,
			);
			defaultConfigurationIsVisible = 0;
			defaultConfigurationName = Release;
		};
/* End XCConfigurationList section */
	};
	rootObject = 736415EA29F4E4A9005292A7 /* Project object */;
}
